// !$*UTF8*$!
{
	archiveVersion = 1;
	classes = {
	};
	objectVersion = 77;
	objects = {

/* Begin PBXBuildFile section */
		A10000010000000000000001 /* FitnessAppApp.swift in Sources */ = {isa = PBXBuildFile; fileRef = A10000110000000000000001 /* FitnessAppApp.swift */; };
		A10000010000000000000002 /* Models.swift in Sources */ = {isa = PBXBuildFile; fileRef = A10000110000000000000002 /* Models.swift */; };
		A10000010000000000000003 /* DesignSystem.swift in Sources */ = {isa = PBXBuildFile; fileRef = A10000110000000000000003 /* DesignSystem.swift */; };
		A10000010000000000000004 /* ContentView.swift in Sources */ = {isa = PBXBuildFile; fileRef = A10000110000000000000004 /* ContentView.swift */; };
		A10000010000000000000005 /* Assets.xcassets in Resources */ = {isa = PBXBuildFile; fileRef = A10000110000000000000005 /* Assets.xcassets */; };
		A10000010000000000000006 /* HealthKitManager.swift in Sources */ = {isa = PBXBuildFile; fileRef = A10000110000000000000008 /* HealthKitManager.swift */; };
		A10000010000000000000007 /* LocationManager.swift in Sources */ = {isa = PBXBuildFile; fileRef = A10000110000000000000009 /* LocationManager.swift */; };
		A10000010000000000000008 /* GitHubSyncManager.swift in Sources */ = {isa = PBXBuildFile; fileRef = A10000110000000000000010 /* GitHubSyncManager.swift */; };
/* End PBXBuildFile section */

/* Begin PBXFileReference section */
		A10000110000000000000005 /* Assets.xcassets */ = {isa = PBXFileReference; lastKnownFileType = folder.assetcatalog; path = Assets.xcassets; sourceTree = "<group>"; };
		A10000110000000000000006 /* Info.plist */ = {isa = PBXFileReference; lastKnownFileType = text.plist.xml; path = Info.plist; sourceTree = "<group>"; };
		A10000110000000000000007 /* FitnessApp.app */ = {isa = PBXFileReference; explicitFileType = wrapper.application; includeInIndex = 0; path = FitnessApp.app; sourceTree = BUILT_PRODUCTS_DIR; };
		A10000110000000000000001 /* FitnessAppApp.swift */ = {isa = PBXFileReference; lastKnownFileType = sourcecode.swift; path = FitnessAppApp.swift; sourceTree = "<group>"; };
		A10000110000000000000002 /* Models.swift */ = {isa = PBXFileReference; lastKnownFileType = sourcecode.swift; path = Models.swift; sourceTree = "<group>"; };
		A10000110000000000000003 /* DesignSystem.swift */ = {isa = PBXFileReference; lastKnownFileType = sourcecode.swift; path = DesignSystem.swift; sourceTree = "<group>"; };
		A10000110000000000000004 /* ContentView.swift */ = {isa = PBXFileReference; lastKnownFileType = sourcecode.swift; path = ContentView.swift; sourceTree = "<group>"; };
		A10000110000000000000008 /* HealthKitManager.swift */ = {isa = PBXFileReference; lastKnownFileType = sourcecode.swift; path = HealthKitManager.swift; sourceTree = "<group>"; };
		A10000110000000000000009 /* LocationManager.swift */ = {isa = PBXFileReference; lastKnownFileType = sourcecode.swift; path = LocationManager.swift; sourceTree = "<group>"; };
		A10000110000000000000010 /* GitHubSyncManager.swift */ = {isa = PBXFileReference; lastKnownFileType = sourcecode.swift; path = GitHubSyncManager.swift; sourceTree = "<group>"; };
		A10000110000000000000011 /* FitnessApp.entitlements */ = {isa = PBXFileReference; lastKnownFileType = text.plist.entitlements; path = FitnessApp.entitlements; sourceTree = "<group>"; };
/* End PBXFileReference section */

/* Begin PBXFrameworksBuildPhase section */
		A10000210000000000000001 /* Frameworks */ = {
			isa = PBXFrameworksBuildPhase;
			buildActionMask = 2147483647;
			files = (
			);
			runOnlyForDeploymentPostprocessing = 0;
		};
/* End PBXFrameworksBuildPhase section */

/* Begin PBXGroup section */
		A10000310000000000000001 = {
			isa = PBXGroup;
			children = (
				A10000310000000000000002 /* FitnessApp */,
				A10000310000000000000003 /* Products */,
			);
			sourceTree = "<group>";
		};
		A10000310000000000000002 /* FitnessApp */ = {
			isa = PBXGroup;
			children = (
				A10000110000000000000001 /* FitnessAppApp.swift */,
				A10000110000000000000002 /* Models.swift */,
				A10000110000000000000003 /* DesignSystem.swift */,
				A10000110000000000000004 /* ContentView.swift */,
				A10000110000000000000008 /* HealthKitManager.swift */,
				A10000110000000000000009 /* LocationManager.swift */,
				A10000110000000000000010 /* GitHubSyncManager.swift */,
				A10000110000000000000005 /* Assets.xcassets */,
				A10000110000000000000006 /* Info.plist */,
				A10000110000000000000011 /* FitnessApp.entitlements */,
			);
			path = FitnessApp;
			sourceTree = "<group>";
		};
		A10000310000000000000003 /* Products */ = {
			isa = PBXGroup;
			children = (
				A10000110000000000000007 /* FitnessApp.app */,
			);
			name = Products;
			sourceTree = "<group>";
		};
/* End PBXGroup section */

/* Begin PBXNativeTarget section */
		A10000410000000000000001 /* FitnessApp */ = {
			isa = PBXNativeTarget;
			buildConfigurationList = A10000610000000000000002 /* Build configuration list for PBXNativeTarget "FitnessApp" */;
			buildPhases = (
				A10000210000000000000002 /* Sources */,
				A10000210000000000000001 /* Frameworks */,
				A10000210000000000000003 /* Resources */,
			);
			buildRules = (
			);
			dependencies = (
			);
			name = FitnessApp;
			productName = FitnessApp;
			productReference = A10000110000000000000007 /* FitnessApp.app */;
			productType = "com.apple.product-type.application";
		};
/* End PBXNativeTarget section */

/* Begin PBXProject section */
		A10000510000000000000001 /* Project object */ = {
			isa = PBXProject;
			attributes = {
				BuildIndependentTargetsInParallel = 1;
				LastUpgradeCheck = 1640;
				TargetAttributes = {
					A10000410000000000000001 = {
						CreatedOnToolsVersion = 1640;
					};
				};
			};
			buildConfigurationList = A10000610000000000000001 /* Build configuration list for PBXProject "FitnessApp" */;
			compatibilityVersion = "Xcode 16.0";
			developmentRegion = en;
			hasScannedForEncodings = 0;
			knownRegions = (
				en,
				Base,
			);
			mainGroup = A10000310000000000000001;
			productRefGroup = A10000310000000000000003 /* Products */;
			projectDirPath = "";
			projectRoot = "";
			targets = (
				A10000410000000000000001 /* FitnessApp */,
			);
		};
/* End PBXProject section */

/* Begin PBXResourcesBuildPhase section */
		A10000210000000000000003 /* Resources */ = {
			isa = PBXResourcesBuildPhase;
			buildActionMask = 2147483647;
			files = (
				A10000010000000000000005 /* Assets.xcassets in Resources */,
			);
			runOnlyForDeploymentPostprocessing = 0;
		};
/* End PBXResourcesBuildPhase section */

/* Begin PBXSourcesBuildPhase section */
		A10000210000000000000002 /* Sources */ = {
			isa = PBXSourcesBuildPhase;
			buildActionMask = 2147483647;
			files = (
				A10000010000000000000001 /* FitnessAppApp.swift in Sources */,
				A10000010000000000000002 /* Models.swift in Sources */,
				A10000010000000000000003 /* DesignSystem.swift in Sources */,
				A10000010000000000000004 /* ContentView.swift in Sources */,
				A10000010000000000000006 /* HealthKitManager.swift in Sources */,
				A10000010000000000000007 /* LocationManager.swift in Sources */,
				A10000010000000000000008 /* GitHubSyncManager.swift in Sources */,
			);
			runOnlyForDeploymentPostprocessing = 0;
		};
/* End PBXSourcesBuildPhase section */

/* Begin XCBuildConfiguration section */
		A10000710000000000000001 /* Debug */ = {
			isa = XCBuildConfiguration;
			buildSettings = {
				ASSETCATALOG_COMPILER_APPICON_NAME = AppIcon;
				CODE_SIGN_STYLE = Automatic;
				CODE_SIGN_ENTITLEMENTS = FitnessApp/FitnessApp.entitlements;
				CURRENT_PROJECT_VERSION = 1;
				GENERATE_INFOPLIST_FILE = NO;
				INFOPLIST_FILE = FitnessApp/Info.plist;
				IPHONEOS_DEPLOYMENT_TARGET = 17.0;
				MARKETING_VERSION = 1.0;
				PRODUCT_BUNDLE_IDENTIFIER = com.wu9o.fitnessapp;
				PRODUCT_NAME = "$(TARGET_NAME)";
				SDKROOT = iphoneos;
				SWIFT_VERSION = 5.0;
				TARGETED_DEVICE_FAMILY = 1;
			};
			name = Debug;
		};
		A10000710000000000000002 /* Release */ = {
			isa = XCBuildConfiguration;
			buildSettings = {
				ASSETCATALOG_COMPILER_APPICON_NAME = AppIcon;
				CODE_SIGN_STYLE = Automatic;
				CODE_SIGN_ENTITLEMENTS = FitnessApp/FitnessApp.entitlements;
				CURRENT_PROJECT_VERSION = 1;
				GENERATE_INFOPLIST_FILE = NO;
				INFOPLIST_FILE = FitnessApp/Info.plist;
				IPHONEOS_DEPLOYMENT_TARGET = 17.0;
				MARKETING_VERSION = 1.0;
				PRODUCT_BUNDLE_IDENTIFIER = com.wu9o.fitnessapp;
				PRODUCT_NAME = "$(TARGET_NAME)";
				SDKROOT = iphoneos;
				SWIFT_VERSION = 5.0;
				TARGETED_DEVICE_FAMILY = 1;
			};
			name = Release;
		};
/* End XCBuildConfiguration section */

/* Begin XCConfigurationList section */
		A10000610000000000000001 /* Build configuration list for PBXProject "FitnessApp" */ = {
			isa = XCConfigurationList;
			buildConfigurations = (
				A10000710000000000000001 /* Debug */,
				A10000710000000000000002 /* Release */,
			);
			defaultConfigurationIsVisible = 0;
			defaultConfigurationName = Release;
		};
		A10000610000000000000002 /* Build configuration list for PBXNativeTarget "FitnessApp" */ = {
			isa = XCConfigurationList;
			buildConfigurations = (
				A10000710000000000000001 /* Debug */,
				A10000710000000000000002 /* Release */,
			);
			defaultConfigurationIsVisible = 0;
			defaultConfigurationName = Release;
		};
/* End XCConfigurationList section */
	};
	rootObject = A10000510000000000000001 /* Project object */;
}
